
Microsoft Visual Studio Solution File, Format Version 12.00
# Visual Studio 15
VisualStudioVersion = 15.0.28307.106
MinimumVisualStudioVersion = 10.0.40219.1
Project("{9A19103F-16F7-4668-BE54-9A1E7A4F7556}") = "Debts", "Debts\Debts.csproj", "{6448E3BD-E43E-44FD-8788-663E26F237D3}"
EndProject
Project("{FAE04EC0-301F-11D3-BF4B-00C04F79EFBC}") = "Debts.Test", "Debts.Test\Debts.Test.csproj", "{EBBCFC42-79C4-4F17-84B5-7E289CCC9D2C}"
EndProject
Global
	GlobalSection(SolutionConfigurationPlatforms) = preSolution
		Debug|Any CPU = Debug|Any CPU
		Release|Any CPU = Release|Any CPU
	EndGlobalSection
	GlobalSection(ProjectConfigurationPlatforms) = postSolution
		{6448E3BD-E43E-44FD-8788-663E26F237D3}.Debug|Any CPU.ActiveCfg = Debug|Any CPU
		{6448E3BD-E43E-44FD-8788-663E26F237D3}.Debug|Any CPU.Build.0 = Debug|Any CPU
		{6448E3BD-E43E-44FD-8788-663E26F237D3}.Release|Any CPU.ActiveCfg = Release|Any CPU
		{6448E3BD-E43E-44FD-8788-663E26F237D3}.Release|Any CPU.Build.0 = Release|Any CPU
		{EBBCFC42-79C4-4F17-84B5-7E289CCC9D2C}.Debug|Any CPU.ActiveCfg = Debug|Any CPU
		{EBBCFC42-79C4-4F17-84B5-7E289CCC9D2C}.Debug|Any CPU.Build.0 = Debug|Any CPU
		{EBBCFC42-79C4-4F17-84B5-7E289CCC9D2C}.Release|Any CPU.ActiveCfg = Release|Any CPU
		{EBBCFC42-79C4-4F17-84B5-7E289CCC9D2C}.Release|Any CPU.Build.0 = Release|Any CPU
	EndGlobalSection
	GlobalSection(SolutionProperties) = preSolution
		HideSolutionNode = FALSE
	EndGlobalSection
	GlobalSection(ExtensibilityGlobals) = postSolution
		SolutionGuid = {32840BF2-1213-47E6-9523-611FE06F02A6}
	EndGlobalSection
EndGlobal
